// !$*UTF8*$!
{
	archiveVersion = 1;
	classes = {
	};
	objectVersion = 46;
	objects = {

/* Begin PBXBuildFile section */
		FF4C866F1DEEC9E2003F9E4C /* pattern_1@3x.png in Resources */ = {isa = PBXBuildFile; fileRef = FF4C866C1DEEC9E2003F9E4C /* pattern_1@3x.png */; };
		FF4C86701DEEC9E2003F9E4C /* pattern_2@3x.png in Resources */ = {isa = PBXBuildFile; fileRef = FF4C866D1DEEC9E2003F9E4C /* pattern_2@3x.png */; };
		FF4C86711DEEC9E2003F9E4C /* pattern_3@3x.png in Resources */ = {isa = PBXBuildFile; fileRef = FF4C866E1DEEC9E2003F9E4C /* pattern_3@3x.png */; };
		FF518ECB1DEE0E880050178B /* main.m in Sources */ = {isa = PBXBuildFile; fileRef = FF518ECA1DEE0E880050178B /* main.m */; };
		FF518ECE1DEE0E880050178B /* AppDelegate.m in Sources */ = {isa = PBXBuildFile; fileRef = FF518ECD1DEE0E880050178B /* AppDelegate.m */; };
		FF518ED11DEE0E880050178B /* ViewController.m in Sources */ = {isa = PBXBuildFile; fileRef = FF518ED01DEE0E880050178B /* ViewController.m */; };
		FF518ED41DEE0E880050178B /* Main.storyboard in Resources */ = {isa = PBXBuildFile; fileRef = FF518ED21DEE0E880050178B /* Main.storyboard */; };
		FF518ED61DEE0E880050178B /* Assets.xcassets in Resources */ = {isa = PBXBuildFile; fileRef = FF518ED51DEE0E880050178B /* Assets.xcassets */; };
		FF518ED91DEE0E880050178B /* LaunchScreen.storyboard in Resources */ = {isa = PBXBuildFile; fileRef = FF518ED71DEE0E880050178B /* LaunchScreen.storyboard */; };
		FF518EE41DEE0E880050178B /* ORBVisualTimerDemoUITests.m in Sources */ = {isa = PBXBuildFile; fileRef = FF518EE31DEE0E880050178B /* ORBVisualTimerDemoUITests.m */; };
		FF518EF11DEE0E9F0050178B /* ORBVisualTimer.m in Sources */ = {isa = PBXBuildFile; fileRef = FF518EF01DEE0E9F0050178B /* ORBVisualTimer.m */; };
		FF6877971E6F5DBC00475A58 /* 1.png in Resources */ = {isa = PBXBuildFile; fileRef = FF6877941E6F5DBC00475A58 /* 1.png */; };
		FF6877981E6F5DBC00475A58 /* 2.jpg in Resources */ = {isa = PBXBuildFile; fileRef = FF6877951E6F5DBC00475A58 /* 2.jpg */; };
		FF6877991E6F5DBC00475A58 /* 3.jpg in Resources */ = {isa = PBXBuildFile; fileRef = FF6877961E6F5DBC00475A58 /* 3.jpg */; };
/* End PBXBuildFile section */

/* Begin PBXContainerItemProxy section */
		FF518EE01DEE0E880050178B /* PBXContainerItemProxy */ = {
			isa = PBXContainerItemProxy;
			containerPortal = FF518EBE1DEE0E880050178B /* Project object */;
			proxyType = 1;
			remoteGlobalIDString = FF518EC51DEE0E880050178B;
			remoteInfo = ORBVisualTimerDemo;
		};
/* End PBXContainerItemProxy section */

/* Begin PBXFileReference section */
		FF4C866C1DEEC9E2003F9E4C /* pattern_1@3x.png */ = {isa = PBXFileReference; lastKnownFileType = image.png; path = "pattern_1@3x.png"; sourceTree = "<group>"; };
		FF4C866D1DEEC9E2003F9E4C /* pattern_2@3x.png */ = {isa = PBXFileReference; lastKnownFileType = image.png; path = "pattern_2@3x.png"; sourceTree = "<group>"; };
		FF4C866E1DEEC9E2003F9E4C /* pattern_3@3x.png */ = {isa = PBXFileReference; lastKnownFileType = image.png; path = "pattern_3@3x.png"; sourceTree = "<group>"; };
		FF518EC61DEE0E880050178B /* ORBVisualTimerDemo.app */ = {isa = PBXFileReference; explicitFileType = wrapper.application; includeInIndex = 0; path = ORBVisualTimerDemo.app; sourceTree = BUILT_PRODUCTS_DIR; };
		FF518ECA1DEE0E880050178B /* main.m */ = {isa = PBXFileReference; lastKnownFileType = sourcecode.c.objc; path = main.m; sourceTree = "<group>"; };
		FF518ECC1DEE0E880050178B /* AppDelegate.h */ = {isa = PBXFileReference; lastKnownFileType = sourcecode.c.h; path = AppDelegate.h; sourceTree = "<group>"; };
		FF518ECD1DEE0E880050178B /* AppDelegate.m */ = {isa = PBXFileReference; lastKnownFileType = sourcecode.c.objc; path = AppDelegate.m; sourceTree = "<group>"; };
		FF518ECF1DEE0E880050178B /* ViewController.h */ = {isa = PBXFileReference; lastKnownFileType = sourcecode.c.h; path = ViewController.h; sourceTree = "<group>"; };
		FF518ED01DEE0E880050178B /* ViewController.m */ = {isa = PBXFileReference; lastKnownFileType = sourcecode.c.objc; path = ViewController.m; sourceTree = "<group>"; };
		FF518ED31DEE0E880050178B /* Base */ = {isa = PBXFileReference; lastKnownFileType = file.storyboard; name = Base; path = Base.lproj/Main.storyboard; sourceTree = "<group>"; };
		FF518ED51DEE0E880050178B /* Assets.xcassets */ = {isa = PBXFileReference; lastKnownFileType = folder.assetcatalog; path = Assets.xcassets; sourceTree = "<group>"; };
		FF518ED81DEE0E880050178B /* Base */ = {isa = PBXFileReference; lastKnownFileType = file.storyboard; name = Base; path = Base.lproj/LaunchScreen.storyboard; sourceTree = "<group>"; };
		FF518EDA1DEE0E880050178B /* Info.plist */ = {isa = PBXFileReference; lastKnownFileType = text.plist.xml; path = Info.plist; sourceTree = "<group>"; };
		FF518EDF1DEE0E880050178B /* ORBVisualTimerDemoUITests.xctest */ = {isa = PBXFileReference; explicitFileType = wrapper.cfbundle; includeInIndex = 0; path = ORBVisualTimerDemoUITests.xctest; sourceTree = BUILT_PRODUCTS_DIR; };
		FF518EE31DEE0E880050178B /* ORBVisualTimerDemoUITests.m */ = {isa = PBXFileReference; lastKnownFileType = sourcecode.c.objc; path = ORBVisualTimerDemoUITests.m; sourceTree = "<group>"; };
		FF518EE51DEE0E880050178B /* Info.plist */ = {isa = PBXFileReference; lastKnownFileType = text.plist.xml; path = Info.plist; sourceTree = "<group>"; };
		FF518EEF1DEE0E9F0050178B /* ORBVisualTimer.h */ = {isa = PBXFileReference; fileEncoding = 4; lastKnownFileType = sourcecode.c.h; path = ORBVisualTimer.h; sourceTree = "<group>"; };
		FF518EF01DEE0E9F0050178B /* ORBVisualTimer.m */ = {isa = PBXFileReference; fileEncoding = 4; lastKnownFileType = sourcecode.c.objc; path = ORBVisualTimer.m; sourceTree = "<group>"; };
		FF6877941E6F5DBC00475A58 /* 1.png */ = {isa = PBXFileReference; lastKnownFileType = image.png; path = 1.png; sourceTree = "<group>"; };
		FF6877951E6F5DBC00475A58 /* 2.jpg */ = {isa = PBXFileReference; lastKnownFileType = image.jpeg; path = 2.jpg; sourceTree = "<group>"; };
		FF6877961E6F5DBC00475A58 /* 3.jpg */ = {isa = PBXFileReference; lastKnownFileType = image.jpeg; path = 3.jpg; sourceTree = "<group>"; };
/* End PBXFileReference section */

/* Begin PBXFrameworksBuildPhase section */
		FF518EC31DEE0E880050178B /* Frameworks */ = {
			isa = PBXFrameworksBuildPhase;
			buildActionMask = 2147483647;
			files = (
			);
			runOnlyForDeploymentPostprocessing = 0;
		};
		FF518EDC1DEE0E880050178B /* Frameworks */ = {
			isa = PBXFrameworksBuildPhase;
			buildActionMask = 2147483647;
			files = (
			);
			runOnlyForDeploymentPostprocessing = 0;
		};
/* End PBXFrameworksBuildPhase section */

/* Begin PBXGroup section */
		FF4C866B1DEEC9E2003F9E4C /* Resources */ = {
			isa = PBXGroup;
			children = (
				FF4C866C1DEEC9E2003F9E4C /* pattern_1@3x.png */,
				FF4C866D1DEEC9E2003F9E4C /* pattern_2@3x.png */,
				FF4C866E1DEEC9E2003F9E4C /* pattern_3@3x.png */,
				FF6877941E6F5DBC00475A58 /* 1.png */,
				FF6877951E6F5DBC00475A58 /* 2.jpg */,
				FF6877961E6F5DBC00475A58 /* 3.jpg */,
			);
			path = Resources;
			sourceTree = "<group>";
		};
		FF518EBD1DEE0E880050178B = {
			isa = PBXGroup;
			children = (
				FF518EEE1DEE0E9F0050178B /* ORBVisualTimer */,
				FF518EC81DEE0E880050178B /* ORBVisualTimerDemo */,
				FF518EE21DEE0E880050178B /* ORBVisualTimerDemoUITests */,
				FF518EC71DEE0E880050178B /* Products */,
			);
			sourceTree = "<group>";
		};
		FF518EC71DEE0E880050178B /* Products */ = {
			isa = PBXGroup;
			children = (
				FF518EC61DEE0E880050178B /* ORBVisualTimerDemo.app */,
				FF518EDF1DEE0E880050178B /* ORBVisualTimerDemoUITests.xctest */,
			);
			name = Products;
			sourceTree = "<group>";
		};
		FF518EC81DEE0E880050178B /* ORBVisualTimerDemo */ = {
			isa = PBXGroup;
			children = (
				FF4C866B1DEEC9E2003F9E4C /* Resources */,
				FF518ECC1DEE0E880050178B /* AppDelegate.h */,
				FF518ECD1DEE0E880050178B /* AppDelegate.m */,
				FF518ECF1DEE0E880050178B /* ViewController.h */,
				FF518ED01DEE0E880050178B /* ViewController.m */,
				FF518ED21DEE0E880050178B /* Main.storyboard */,
				FF518ED51DEE0E880050178B /* Assets.xcassets */,
				FF518ED71DEE0E880050178B /* LaunchScreen.storyboard */,
				FF518EDA1DEE0E880050178B /* Info.plist */,
				FF518EC91DEE0E880050178B /* Supporting Files */,
			);
			path = ORBVisualTimerDemo;
			sourceTree = "<group>";
		};
		FF518EC91DEE0E880050178B /* Supporting Files */ = {
			isa = PBXGroup;
			children = (
				FF518ECA1DEE0E880050178B /* main.m */,
			);
			name = "Supporting Files";
			sourceTree = "<group>";
		};
		FF518EE21DEE0E880050178B /* ORBVisualTimerDemoUITests */ = {
			isa = PBXGroup;
			children = (
				FF518EE31DEE0E880050178B /* ORBVisualTimerDemoUITests.m */,
				FF518EE51DEE0E880050178B /* Info.plist */,
			);
			path = ORBVisualTimerDemoUITests;
			sourceTree = "<group>";
		};
		FF518EEE1DEE0E9F0050178B /* ORBVisualTimer */ = {
			isa = PBXGroup;
			children = (
				FF518EEF1DEE0E9F0050178B /* ORBVisualTimer.h */,
				FF518EF01DEE0E9F0050178B /* ORBVisualTimer.m */,
			);
			name = ORBVisualTimer;
			path = ../ORBVisualTimer;
			sourceTree = "<group>";
		};
/* End PBXGroup section */

/* Begin PBXNativeTarget section */
		FF518EC51DEE0E880050178B /* ORBVisualTimerDemo */ = {
			isa = PBXNativeTarget;
			buildConfigurationList = FF518EE81DEE0E880050178B /* Build configuration list for PBXNativeTarget "ORBVisualTimerDemo" */;
			buildPhases = (
				FF518EC21DEE0E880050178B /* Sources */,
				FF518EC31DEE0E880050178B /* Frameworks */,
				FF518EC41DEE0E880050178B /* Resources */,
			);
			buildRules = (
			);
			dependencies = (
			);
			name = ORBVisualTimerDemo;
			productName = ORBVisualTimerDemo;
			productReference = FF518EC61DEE0E880050178B /* ORBVisualTimerDemo.app */;
			productType = "com.apple.product-type.application";
		};
		FF518EDE1DEE0E880050178B /* ORBVisualTimerDemoUITests */ = {
			isa = PBXNativeTarget;
			buildConfigurationList = FF518EEB1DEE0E880050178B /* Build configuration list for PBXNativeTarget "ORBVisualTimerDemoUITests" */;
			buildPhases = (
				FF518EDB1DEE0E880050178B /* Sources */,
				FF518EDC1DEE0E880050178B /* Frameworks */,
				FF518EDD1DEE0E880050178B /* Resources */,
			);
			buildRules = (
			);
			dependencies = (
				FF518EE11DEE0E880050178B /* PBXTargetDependency */,
			);
			name = ORBVisualTimerDemoUITests;
			productName = ORBVisualTimerDemoUITests;
			productReference = FF518EDF1DEE0E880050178B /* ORBVisualTimerDemoUITests.xctest */;
			productType = "com.apple.product-type.bundle.ui-testing";
		};
/* End PBXNativeTarget section */

/* Begin PBXProject section */
		FF518EBE1DEE0E880050178B /* Project object */ = {
			isa = PBXProject;
			attributes = {
				LastUpgradeCheck = 0810;
				ORGANIZATIONNAME = "0xNSHuman (hello@vladaverin.me)";
				TargetAttributes = {
					FF518EC51DEE0E880050178B = {
						CreatedOnToolsVersion = 8.1;
						DevelopmentTeam = T55G7JLVK5;
						ProvisioningStyle = Automatic;
					};
					FF518EDE1DEE0E880050178B = {
						CreatedOnToolsVersion = 8.1;
						DevelopmentTeam = T55G7JLVK5;
						ProvisioningStyle = Automatic;
						TestTargetID = FF518EC51DEE0E880050178B;
					};
				};
			};
			buildConfigurationList = FF518EC11DEE0E880050178B /* Build configuration list for PBXProject "ORBVisualTimerDemo" */;
			compatibilityVersion = "Xcode 3.2";
			developmentRegion = English;
			hasScannedForEncodings = 0;
			knownRegions = (
				en,
				Base,
			);
			mainGroup = FF518EBD1DEE0E880050178B;
			productRefGroup = FF518EC71DEE0E880050178B /* Products */;
			projectDirPath = "";
			projectRoot = "";
			targets = (
				FF518EC51DEE0E880050178B /* ORBVisualTimerDemo */,
				FF518EDE1DEE0E880050178B /* ORBVisualTimerDemoUITests */,
			);
		};
/* End PBXProject section */

/* Begin PBXResourcesBuildPhase section */
		FF518EC41DEE0E880050178B /* Resources */ = {
			isa = PBXResourcesBuildPhase;
			buildActionMask = 2147483647;
			files = (
				FF6877991E6F5DBC00475A58 /* 3.jpg in Resources */,
				FF4C86711DEEC9E2003F9E4C /* pattern_3@3x.png in Resources */,
				FF4C86701DEEC9E2003F9E4C /* pattern_2@3x.png in Resources */,
				FF4C866F1DEEC9E2003F9E4C /* pattern_1@3x.png in Resources */,
				FF518ED91DEE0E880050178B /* LaunchScreen.storyboard in Resources */,
				FF518ED61DEE0E880050178B /* Assets.xcassets in Resources */,
				FF518ED41DEE0E880050178B /* Main.storyboard in Resources */,
				FF6877981E6F5DBC00475A58 /* 2.jpg in Resources */,
				FF6877971E6F5DBC00475A58 /* 1.png in Resources */,
			);
			runOnlyForDeploymentPostprocessing = 0;
		};
		FF518EDD1DEE0E880050178B /* Resources */ = {
			isa = PBXResourcesBuildPhase;
			buildActionMask = 2147483647;
			files = (
			);
			runOnlyForDeploymentPostprocessing = 0;
		};
/* End PBXResourcesBuildPhase section */

/* Begin PBXSourcesBuildPhase section */
		FF518EC21DEE0E880050178B /* Sources */ = {
			isa = PBXSourcesBuildPhase;
			buildActionMask = 2147483647;
			files = (
				FF518EF11DEE0E9F0050178B /* ORBVisualTimer.m in Sources */,
				FF518ED11DEE0E880050178B /* ViewController.m in Sources */,
				FF518ECE1DEE0E880050178B /* AppDelegate.m in Sources */,
				FF518ECB1DEE0E880050178B /* main.m in Sources */,
			);
			runOnlyForDeploymentPostprocessing = 0;
		};
		FF518EDB1DEE0E880050178B /* Sources */ = {
			isa = PBXSourcesBuildPhase;
			buildActionMask = 2147483647;
			files = (
				FF518EE41DEE0E880050178B /* ORBVisualTimerDemoUITests.m in Sources */,
			);
			runOnlyForDeploymentPostprocessing = 0;
		};
/* End PBXSourcesBuildPhase section */

/* Begin PBXTargetDependency section */
		FF518EE11DEE0E880050178B /* PBXTargetDependency */ = {
			isa = PBXTargetDependency;
			target = FF518EC51DEE0E880050178B /* ORBVisualTimerDemo */;
			targetProxy = FF518EE01DEE0E880050178B /* PBXContainerItemProxy */;
		};
/* End PBXTargetDependency section */

/* Begin PBXVariantGroup section */
		FF518ED21DEE0E880050178B /* Main.storyboard */ = {
			isa = PBXVariantGroup;
			children = (
				FF518ED31DEE0E880050178B /* Base */,
			);
			name = Main.storyboard;
			sourceTree = "<group>";
		};
		FF518ED71DEE0E880050178B /* LaunchScreen.storyboard */ = {
			isa = PBXVariantGroup;
			children = (
				FF518ED81DEE0E880050178B /* Base */,
			);
			name = LaunchScreen.storyboard;
			sourceTree = "<group>";
		};
/* End PBXVariantGroup section */

/* Begin XCBuildConfiguration section */
		FF518EE61DEE0E880050178B /* Debug */ = {
			isa = XCBuildConfiguration;
			buildSettings = {
				ALWAYS_SEARCH_USER_PATHS = NO;
				CLANG_ANALYZER_NONNULL = YES;
				CLANG_CXX_LANGUAGE_STANDARD = "gnu++0x";
				CLANG_CXX_LIBRARY = "libc++";
				CLANG_ENABLE_MODULES = YES;
				CLANG_ENABLE_OBJC_ARC = YES;
				CLANG_WARN_BOOL_CONVERSION = YES;
				CLANG_WARN_CONSTANT_CONVERSION = YES;
				CLANG_WARN_DIRECT_OBJC_ISA_USAGE = YES_ERROR;
				CLANG_WARN_DOCUMENTATION_COMMENTS = YES;
				CLANG_WARN_EMPTY_BODY = YES;
				CLANG_WARN_ENUM_CONVERSION = YES;
				CLANG_WARN_INFINITE_RECURSION = YES;
				CLANG_WARN_INT_CONVERSION = YES;
				CLANG_WARN_OBJC_ROOT_CLASS = YES_ERROR;
				CLANG_WARN_SUSPICIOUS_MOVES = YES;
				CLANG_WARN_UNREACHABLE_CODE = YES;
				CLANG_WARN__DUPLICATE_METHOD_MATCH = YES;
				"CODE_SIGN_IDENTITY[sdk=iphoneos*]" = "iPhone Developer";
				COPY_PHASE_STRIP = NO;
				DEBUG_INFORMATION_FORMAT = dwarf;
				ENABLE_STRICT_OBJC_MSGSEND = YES;
				ENABLE_TESTABILITY = YES;
				GCC_C_LANGUAGE_STANDARD = gnu99;
				GCC_DYNAMIC_NO_PIC = NO;
				GCC_NO_COMMON_BLOCKS = YES;
				GCC_OPTIMIZATION_LEVEL = 0;
				GCC_PREPROCESSOR_DEFINITIONS = (
					"DEBUG=1",
					"$(inherited)",
				);
				GCC_WARN_64_TO_32_BIT_CONVERSION = YES;
				GCC_WARN_ABOUT_RETURN_TYPE = YES_ERROR;
				GCC_WARN_UNDECLARED_SELECTOR = YES;
				GCC_WARN_UNINITIALIZED_AUTOS = YES_AGGRESSIVE;
				GCC_WARN_UNUSED_FUNCTION = YES;
				GCC_WARN_UNUSED_VARIABLE = YES;
				IPHONEOS_DEPLOYMENT_TARGET = 10.1;
				MTL_ENABLE_DEBUG_INFO = YES;
				ONLY_ACTIVE_ARCH = YES;
				SDKROOT = iphoneos;
				TARGETED_DEVICE_FAMILY = "1,2";
			};
			name = Debug;
		};
		FF518EE71DEE0E880050178B /* Release */ = {
			isa = XCBuildConfiguration;
			buildSettings = {
				ALWAYS_SEARCH_USER_PATHS = NO;
				CLANG_ANALYZER_NONNULL = YES;
				CLANG_CXX_LANGUAGE_STANDARD = "gnu++0x";
				CLANG_CXX_LIBRARY = "libc++";
				CLANG_ENABLE_MODULES = YES;
				CLANG_ENABLE_OBJC_ARC = YES;
				CLANG_WARN_BOOL_CONVERSION = YES;
				CLANG_WARN_CONSTANT_CONVERSION = YES;
				CLANG_WARN_DIRECT_OBJC_ISA_USAGE = YES_ERROR;
				CLANG_WARN_DOCUMENTATION_COMMENTS = YES;
				CLANG_WARN_EMPTY_BODY = YES;
				CLANG_WARN_ENUM_CONVERSION = YES;
				CLANG_WARN_INFINITE_RECURSION = YES;
				CLANG_WARN_INT_CONVERSION = YES;
				CLANG_WARN_OBJC_ROOT_CLASS = YES_ERROR;
				CLANG_WARN_SUSPICIOUS_MOVES = YES;
				CLANG_WARN_UNREACHABLE_CODE = YES;
				CLANG_WARN__DUPLICATE_METHOD_MATCH = YES;
				"CODE_SIGN_IDENTITY[sdk=iphoneos*]" = "iPhone Developer";
				COPY_PHASE_STRIP = NO;
				DEBUG_INFORMATION_FORMAT = "dwarf-with-dsym";
				ENABLE_NS_ASSERTIONS = NO;
				ENABLE_STRICT_OBJC_MSGSEND = YES;
				GCC_C_LANGUAGE_STANDARD = gnu99;
				GCC_NO_COMMON_BLOCKS = YES;
				GCC_WARN_64_TO_32_BIT_CONVERSION = YES;
				GCC_WARN_ABOUT_RETURN_TYPE = YES_ERROR;
				GCC_WARN_UNDECLARED_SELECTOR = YES;
				GCC_WARN_UNINITIALIZED_AUTOS = YES_AGGRESSIVE;
				GCC_WARN_UNUSED_FUNCTION = YES;
				GCC_WARN_UNUSED_VARIABLE = YES;
				IPHONEOS_DEPLOYMENT_TARGET = 10.1;
				MTL_ENABLE_DEBUG_INFO = NO;
				SDKROOT = iphoneos;
				TARGETED_DEVICE_FAMILY = "1,2";
				VALIDATE_PRODUCT = YES;
			};
			name = Release;
		};
		FF518EE91DEE0E880050178B /* Debug */ = {
			isa = XCBuildConfiguration;
			buildSettings = {
				ASSETCATALOG_COMPILER_APPICON_NAME = AppIcon;
				"CODE_SIGN_IDENTITY[sdk=iphoneos*]" = "iPhone Developer";
				DEVELOPMENT_TEAM = T55G7JLVK5;
				INFOPLIST_FILE = ORBVisualTimerDemo/Info.plist;
				IPHONEOS_DEPLOYMENT_TARGET = 9.1;
				LD_RUNPATH_SEARCH_PATHS = "$(inherited) @executable_path/Frameworks";
				PRODUCT_BUNDLE_IDENTIFIER = com.orbitum.ORBVisualTimerDemo;
				PRODUCT_NAME = "$(TARGET_NAME)";
			};
			name = Debug;
		};
		FF518EEA1DEE0E880050178B /* Release */ = {
			isa = XCBuildConfiguration;
			buildSettings = {
				ASSETCATALOG_COMPILER_APPICON_NAME = AppIcon;
				"CODE_SIGN_IDENTITY[sdk=iphoneos*]" = "iPhone Developer";
				DEVELOPMENT_TEAM = T55G7JLVK5;
				INFOPLIST_FILE = ORBVisualTimerDemo/Info.plist;
				IPHONEOS_DEPLOYMENT_TARGET = 9.1;
				LD_RUNPATH_SEARCH_PATHS = "$(inherited) @executable_path/Frameworks";
				PRODUCT_BUNDLE_IDENTIFIER = com.orbitum.ORBVisualTimerDemo;
				PRODUCT_NAME = "$(TARGET_NAME)";
			};
			name = Release;
		};
		FF518EEC1DEE0E880050178B /* Debug */ = {
			isa = XCBuildConfiguration;
			buildSettings = {
				DEVELOPMENT_TEAM = T55G7JLVK5;
				INFOPLIST_FILE = ORBVisualTimerDemoUITests/Info.plist;
				LD_RUNPATH_SEARCH_PATHS = "$(inherited) @executable_path/Frameworks @loader_path/Frameworks";
				PRODUCT_BUNDLE_IDENTIFIER = com.orbitum.ORBVisualTimerDemoUITests;
				PRODUCT_NAME = "$(TARGET_NAME)";
				TEST_TARGET_NAME = ORBVisualTimerDemo;
			};
			name = Debug;
		};
		FF518EED1DEE0E880050178B /* Release */ = {
			isa = XCBuildConfiguration;
			buildSettings = {
				DEVELOPMENT_TEAM = T55G7JLVK5;
				INFOPLIST_FILE = ORBVisualTimerDemoUITests/Info.plist;
				LD_RUNPATH_SEARCH_PATHS = "$(inherited) @executable_path/Frameworks @loader_path/Frameworks";
				PRODUCT_BUNDLE_IDENTIFIER = com.orbitum.ORBVisualTimerDemoUITests;
				PRODUCT_NAME = "$(TARGET_NAME)";
				TEST_TARGET_NAME = ORBVisualTimerDemo;
			};
			name = Release;
		};
/* End XCBuildConfiguration section */

/* Begin XCConfigurationList section */
		FF518EC11DEE0E880050178B /* Build configuration list for PBXProject "ORBVisualTimerDemo" */ = {
			isa = XCConfigurationList;
			buildConfigurations = (
				FF518EE61DEE0E880050178B /* Debug */,
				FF518EE71DEE0E880050178B /* Release */,
			);
			defaultConfigurationIsVisible = 0;
			defaultConfigurationName = Release;
		};
		FF518EE81DEE0E880050178B /* Build configuration list for PBXNativeTarget "ORBVisualTimerDemo" */ = {
			isa = XCConfigurationList;
			buildConfigurations = (
				FF518EE91DEE0E880050178B /* Debug */,
				FF518EEA1DEE0E880050178B /* Release */,
			);
			defaultConfigurationIsVisible = 0;
			defaultConfigurationName = Release;
		};
		FF518EEB1DEE0E880050178B /* Build configuration list for PBXNativeTarget "ORBVisualTimerDemoUITests" */ = {
			isa = XCConfigurationList;
			buildConfigurations = (
				FF518EEC1DEE0E880050178B /* Debug */,
				FF518EED1DEE0E880050178B /* Release */,
			);
			defaultConfigurationIsVisible = 0;
			defaultConfigurationName = Release;
		};
/* End XCConfigurationList section */
	};
	rootObject = FF518EBE1DEE0E880050178B /* Project object */;
}
